
Microsoft Visual Studio Solution File, Format Version 12.00
# Visual Studio 15
VisualStudioVersion = 15.0.27703.2035
MinimumVisualStudioVersion = 10.0.40219.1
Project("{FAE04EC0-301F-11D3-BF4B-00C04F79EFBC}") = "CustomCalendarPoc", "CustomCalendarPoc\CustomCalendarPoc.csproj", "{14A52B57-E523-4048-B43C-CEDB63156272}"
EndProject
Global
	GlobalSection(SolutionConfigurationPlatforms) = preSolution
		Debug|Any CPU = Debug|Any CPU
		Release|Any CPU = Release|Any CPU
	EndGlobalSection
	GlobalSection(ProjectConfigurationPlatforms) = postSolution
		{14A52B57-E523-4048-B43C-CEDB63156272}.Debug|Any CPU.ActiveCfg = Debug|Any CPU
		{14A52B57-E523-4048-B43C-CEDB63156272}.Debug|Any CPU.Build.0 = Debug|Any CPU
		{14A52B57-E523-4048-B43C-CEDB63156272}.Debug|Any CPU.Deploy.0 = Debug|Any CPU
		{14A52B57-E523-4048-B43C-CEDB63156272}.Release|Any CPU.ActiveCfg = Release|Any CPU
		{14A52B57-E523-4048-B43C-CEDB63156272}.Release|Any CPU.Build.0 = Release|Any CPU
		{14A52B57-E523-4048-B43C-CEDB63156272}.Release|Any CPU.Deploy.0 = Release|Any CPU
	EndGlobalSection
	GlobalSection(SolutionProperties) = preSolution
		HideSolutionNode = FALSE
	EndGlobalSection
	GlobalSection(ExtensibilityGlobals) = postSolution
		SolutionGuid = {6F3F9034-8AA6-4B79-96B5-C68C96D7B1D1}
	EndGlobalSection
EndGlobal
